
Microsoft Visual Studio Solution File, Format Version 12.00
# Visual Studio Version 16
VisualStudioVersion = 16.0.31402.337
MinimumVisualStudioVersion = 10.0.40219.1
Project("{FAE04EC0-301F-11D3-BF4B-00C04F79EFBC}") = "RottingOranges", "RottingOranges\RottingOranges.csproj", "{D10F6248-E08B-4987-9B74-5412D26309E3}"
EndProject
Global
	GlobalSection(SolutionConfigurationPlatforms) = preSolution
		Debug|Any CPU = Debug|Any CPU
		Release|Any CPU = Release|Any CPU
	EndGlobalSection
	GlobalSection(ProjectConfigurationPlatforms) = postSolution
		{D10F6248-E08B-4987-9B74-5412D26309E3}.Debug|Any CPU.ActiveCfg = Debug|Any CPU
		{D10F6248-E08B-4987-9B74-5412D26309E3}.Debug|Any CPU.Build.0 = Debug|Any CPU
		{D10F6248-E08B-4987-9B74-5412D26309E3}.Release|Any CPU.ActiveCfg = Release|Any CPU
		{D10F6248-E08B-4987-9B74-5412D26309E3}.Release|Any CPU.Build.0 = Release|Any CPU
	EndGlobalSection
	GlobalSection(SolutionProperties) = preSolution
		HideSolutionNode = FALSE
	EndGlobalSection
	GlobalSection(ExtensibilityGlobals) = postSolution
		SolutionGuid = {1EBA672F-0150-4A0B-B002-F8FF2DBA3243}
	EndGlobalSection
EndGlobal
